{
  "name": "check_version",
  "version": "1.0.0",
  "lockfileVersion": 2,
  "requires": true,
  "packages": {
    "": {
      "name": "check_version",
      "version": "1.0.0",
      "license": "ISC",
      "dependencies": {
        "properties-file": "2.0.8"
      }
    },
    "node_modules/properties-file": {
      "version": "2.0.8",
      "resolved": "https://registry.npmjs.org/properties-file/-/properties-file-2.0.8.tgz",
      "integrity": "sha512-F/OyUZAHjtabSjp6WfkMRBchAvGK4sYvzEtQMedJDjX7XScgC6c3h2qo8QsJyqtntXxM21frs2+vrYaq+Jcftw=="
    }
  },
  "dependencies": {
    "properties-file": {
      "version": "2.0.8",
      "resolved": "https://registry.npmjs.org/properties-file/-/properties-file-2.0.8.tgz",
      "integrity": "sha512-F/OyUZAHjtabSjp6WfkMRBchAvGK4sYvzEtQMedJDjX7XScgC6c3h2qo8QsJyqtntXxM21frs2+vrYaq+Jcftw=="
    }
  }
}
